
Microsoft Visual Studio Solution File, Format Version 12.00
# Visual Studio 15
VisualStudioVersion = 15.0.26124.0
MinimumVisualStudioVersion = 15.0.26124.0
Project("{FAE04EC0-301F-11D3-BF4B-00C04F79EFBC}") = "BowlingGame", "BowlingGame\BowlingGame.csproj", "{30C17568-7BB2-4FDF-8D8B-67AD88980B9C}"
EndProject
Project("{FAE04EC0-301F-11D3-BF4B-00C04F79EFBC}") = "BowlingGameTest", "BowlingGameTest\BowlingGameTest.csproj", "{B22D7788-99F9-42C5-925D-FF882AAED099}"
EndProject
Global
	GlobalSection(SolutionConfigurationPlatforms) = preSolution
		Debug|Any CPU = Debug|Any CPU
		Debug|x64 = Debug|x64
		Debug|x86 = Debug|x86
		Release|Any CPU = Release|Any CPU
		Release|x64 = Release|x64
		Release|x86 = Release|x86
	EndGlobalSection
	GlobalSection(SolutionProperties) = preSolution
		HideSolutionNode = FALSE
	EndGlobalSection
	GlobalSection(ProjectConfigurationPlatforms) = postSolution
		{30C17568-7BB2-4FDF-8D8B-67AD88980B9C}.Debug|Any CPU.ActiveCfg = Debug|Any CPU
		{30C17568-7BB2-4FDF-8D8B-67AD88980B9C}.Debug|Any CPU.Build.0 = Debug|Any CPU
		{30C17568-7BB2-4FDF-8D8B-67AD88980B9C}.Debug|x64.ActiveCfg = Debug|Any CPU
		{30C17568-7BB2-4FDF-8D8B-67AD88980B9C}.Debug|x64.Build.0 = Debug|Any CPU
		{30C17568-7BB2-4FDF-8D8B-67AD88980B9C}.Debug|x86.ActiveCfg = Debug|Any CPU
		{30C17568-7BB2-4FDF-8D8B-67AD88980B9C}.Debug|x86.Build.0 = Debug|Any CPU
		{30C17568-7BB2-4FDF-8D8B-67AD88980B9C}.Release|Any CPU.ActiveCfg = Release|Any CPU
		{30C17568-7BB2-4FDF-8D8B-67AD88980B9C}.Release|Any CPU.Build.0 = Release|Any CPU
		{30C17568-7BB2-4FDF-8D8B-67AD88980B9C}.Release|x64.ActiveCfg = Release|Any CPU
		{30C17568-7BB2-4FDF-8D8B-67AD88980B9C}.Release|x64.Build.0 = Release|Any CPU
		{30C17568-7BB2-4FDF-8D8B-67AD88980B9C}.Release|x86.ActiveCfg = Release|Any CPU
		{30C17568-7BB2-4FDF-8D8B-67AD88980B9C}.Release|x86.Build.0 = Release|Any CPU
		{B22D7788-99F9-42C5-925D-FF882AAED099}.Debug|Any CPU.ActiveCfg = Debug|Any CPU
		{B22D7788-99F9-42C5-925D-FF882AAED099}.Debug|Any CPU.Build.0 = Debug|Any CPU
		{B22D7788-99F9-42C5-925D-FF882AAED099}.Debug|x64.ActiveCfg = Debug|Any CPU
		{B22D7788-99F9-42C5-925D-FF882AAED099}.Debug|x64.Build.0 = Debug|Any CPU
		{B22D7788-99F9-42C5-925D-FF882AAED099}.Debug|x86.ActiveCfg = Debug|Any CPU
		{B22D7788-99F9-42C5-925D-FF882AAED099}.Debug|x86.Build.0 = Debug|Any CPU
		{B22D7788-99F9-42C5-925D-FF882AAED099}.Release|Any CPU.ActiveCfg = Release|Any CPU
		{B22D7788-99F9-42C5-925D-FF882AAED099}.Release|Any CPU.Build.0 = Release|Any CPU
		{B22D7788-99F9-42C5-925D-FF882AAED099}.Release|x64.ActiveCfg = Release|Any CPU
		{B22D7788-99F9-42C5-925D-FF882AAED099}.Release|x64.Build.0 = Release|Any CPU
		{B22D7788-99F9-42C5-925D-FF882AAED099}.Release|x86.ActiveCfg = Release|Any CPU
		{B22D7788-99F9-42C5-925D-FF882AAED099}.Release|x86.Build.0 = Release|Any CPU
	EndGlobalSection
EndGlobal
